// !$*UTF8*$!
{
	archiveVersion = 1;
	classes = {
	};
	objectVersion = 52;
	objects = {

/* Begin PBXBuildFile section */
		0A01CD432445843100800E7D /* BarButtonView.swift in Sources */ = {isa = PBXBuildFile; fileRef = 0A01CD412445843100800E7D /* BarButtonView.swift */; };
		0A01CD442445843100800E7D /* MainSymbolGameView.swift in Sources */ = {isa = PBXBuildFile; fileRef = 0A01CD422445843100800E7D /* MainSymbolGameView.swift */; };
		0A02DF4526122D1D00D0B356 /* SettingsView.swift in Sources */ = {isa = PBXBuildFile; fileRef = 0A02DF4426122D1D00D0B356 /* SettingsView.swift */; };
		0A02DF492612306D00D0B356 /* SymbolsViewerView.swift in Sources */ = {isa = PBXBuildFile; fileRef = 0A02DF482612306D00D0B356 /* SymbolsViewerView.swift */; };
		0A02DF4B2612350800D0B356 /* SymbolsViewerViewModel.swift in Sources */ = {isa = PBXBuildFile; fileRef = 0A02DF4A2612350800D0B356 /* SymbolsViewerViewModel.swift */; };
		0A02DF4E2612390A00D0B356 /* SymbolCategories.swift in Sources */ = {isa = PBXBuildFile; fileRef = 0A02DF4C261235AF00D0B356 /* SymbolCategories.swift */; };
		0A02DF4F2612391700D0B356 /* SFSymbolsFinder.swift in Sources */ = {isa = PBXBuildFile; fileRef = 0AC1BB63261225BF0017CD43 /* SFSymbolsFinder.swift */; };
		0A664BFA261266EA00EFA8F5 /* SymbolCategoryView.swift in Sources */ = {isa = PBXBuildFile; fileRef = 0A664BF9261266EA00EFA8F5 /* SymbolCategoryView.swift */; };
		0AB5FD742444F1BF005DBD66 /* Color.swift in Sources */ = {isa = PBXBuildFile; fileRef = 0AB5FD732444F1BF005DBD66 /* Color.swift */; };
		0AC1BB5A261222260017CD43 /* MainSymbolGameViewModel.swift in Sources */ = {isa = PBXBuildFile; fileRef = 0AC1BB59261222260017CD43 /* MainSymbolGameViewModel.swift */; };
		0AC1BB60261223370017CD43 /* RRComponentsKit in Frameworks */ = {isa = PBXBuildFile; productRef = 0AC1BB5F261223370017CD43 /* RRComponentsKit */; };
		0AC1BB61261223370017CD43 /* RRComponentsKit in Embed Frameworks */ = {isa = PBXBuildFile; productRef = 0AC1BB5F261223370017CD43 /* RRComponentsKit */; settings = {ATTRIBUTES = (CodeSignOnCopy, ); }; };
		0AC1BBAF26122A580017CD43 /* OpenSans-SemiBold.ttf in Resources */ = {isa = PBXBuildFile; fileRef = 0AC1BB6F26122A580017CD43 /* OpenSans-SemiBold.ttf */; };
		0AC1BBB026122A580017CD43 /* OpenSans-Light.ttf in Resources */ = {isa = PBXBuildFile; fileRef = 0AC1BB7026122A580017CD43 /* OpenSans-Light.ttf */; };
		0AC1BBB126122A580017CD43 /* OpenSans-Italic.ttf in Resources */ = {isa = PBXBuildFile; fileRef = 0AC1BB7126122A580017CD43 /* OpenSans-Italic.ttf */; };
		0AC1BBB226122A580017CD43 /* OpenSans-ExtraBold.ttf in Resources */ = {isa = PBXBuildFile; fileRef = 0AC1BB7226122A580017CD43 /* OpenSans-ExtraBold.ttf */; };
		0AC1BBB326122A580017CD43 /* OpenSans-LightItalic.ttf in Resources */ = {isa = PBXBuildFile; fileRef = 0AC1BB7326122A580017CD43 /* OpenSans-LightItalic.ttf */; };
		0AC1BBB426122A580017CD43 /* OpenSans-Bold.ttf in Resources */ = {isa = PBXBuildFile; fileRef = 0AC1BB7426122A580017CD43 /* OpenSans-Bold.ttf */; };
		0AC1BBB526122A580017CD43 /* OpenSans-SemiBoldItalic.ttf in Resources */ = {isa = PBXBuildFile; fileRef = 0AC1BB7526122A580017CD43 /* OpenSans-SemiBoldItalic.ttf */; };
		0AC1BBB626122A580017CD43 /* OpenSans-ExtraBoldItalic.ttf in Resources */ = {isa = PBXBuildFile; fileRef = 0AC1BB7626122A580017CD43 /* OpenSans-ExtraBoldItalic.ttf */; };
		0AC1BBB726122A580017CD43 /* OpenSans-Regular.ttf in Resources */ = {isa = PBXBuildFile; fileRef = 0AC1BB7726122A580017CD43 /* OpenSans-Regular.ttf */; };
		0AC1BBB826122A580017CD43 /* OpenSans-BoldItalic.ttf in Resources */ = {isa = PBXBuildFile; fileRef = 0AC1BB7826122A580017CD43 /* OpenSans-BoldItalic.ttf */; };
		0AC1BBB926122A580017CD43 /* Montserrat-LightItalic.ttf in Resources */ = {isa = PBXBuildFile; fileRef = 0AC1BB7A26122A580017CD43 /* Montserrat-LightItalic.ttf */; };
		0AC1BBBA26122A580017CD43 /* Montserrat-Medium.ttf in Resources */ = {isa = PBXBuildFile; fileRef = 0AC1BB7B26122A580017CD43 /* Montserrat-Medium.ttf */; };
		0AC1BBBB26122A580017CD43 /* Montserrat-BoldItalic.ttf in Resources */ = {isa = PBXBuildFile; fileRef = 0AC1BB7C26122A580017CD43 /* Montserrat-BoldItalic.ttf */; };
		0AC1BBBC26122A580017CD43 /* Montserrat-Light.ttf in Resources */ = {isa = PBXBuildFile; fileRef = 0AC1BB7D26122A580017CD43 /* Montserrat-Light.ttf */; };
		0AC1BBBD26122A580017CD43 /* Montserrat-ThinItalic.ttf in Resources */ = {isa = PBXBuildFile; fileRef = 0AC1BB7E26122A580017CD43 /* Montserrat-ThinItalic.ttf */; };
		0AC1BBBE26122A580017CD43 /* Montserrat-ExtraLight.ttf in Resources */ = {isa = PBXBuildFile; fileRef = 0AC1BB7F26122A580017CD43 /* Montserrat-ExtraLight.ttf */; };
		0AC1BBBF26122A580017CD43 /* Montserrat-Thin.ttf in Resources */ = {isa = PBXBuildFile; fileRef = 0AC1BB8026122A580017CD43 /* Montserrat-Thin.ttf */; };
		0AC1BBC026122A580017CD43 /* Montserrat-Bold.ttf in Resources */ = {isa = PBXBuildFile; fileRef = 0AC1BB8126122A580017CD43 /* Montserrat-Bold.ttf */; };
		0AC1BBC126122A580017CD43 /* Montserrat-MediumItalic.ttf in Resources */ = {isa = PBXBuildFile; fileRef = 0AC1BB8226122A580017CD43 /* Montserrat-MediumItalic.ttf */; };
		0AC1BBC226122A580017CD43 /* Montserrat-BlackItalic.ttf in Resources */ = {isa = PBXBuildFile; fileRef = 0AC1BB8326122A580017CD43 /* Montserrat-BlackItalic.ttf */; };
		0AC1BBC326122A580017CD43 /* Montserrat-SemiBold.ttf in Resources */ = {isa = PBXBuildFile; fileRef = 0AC1BB8426122A580017CD43 /* Montserrat-SemiBold.ttf */; };
		0AC1BBC426122A580017CD43 /* Montserrat-ExtraLightItalic.ttf in Resources */ = {isa = PBXBuildFile; fileRef = 0AC1BB8526122A580017CD43 /* Montserrat-ExtraLightItalic.ttf */; };
		0AC1BBC526122A580017CD43 /* Montserrat-ExtraBold.ttf in Resources */ = {isa = PBXBuildFile; fileRef = 0AC1BB8626122A580017CD43 /* Montserrat-ExtraBold.ttf */; };
		0AC1BBC626122A580017CD43 /* Montserrat-Black.ttf in Resources */ = {isa = PBXBuildFile; fileRef = 0AC1BB8726122A580017CD43 /* Montserrat-Black.ttf */; };
		0AC1BBC726122A580017CD43 /* Montserrat-Regular.ttf in Resources */ = {isa = PBXBuildFile; fileRef = 0AC1BB8826122A580017CD43 /* Montserrat-Regular.ttf */; };
		0AC1BBC826122A580017CD43 /* Montserrat-Italic.ttf in Resources */ = {isa = PBXBuildFile; fileRef = 0AC1BB8926122A580017CD43 /* Montserrat-Italic.ttf */; };
		0AC1BBC926122A580017CD43 /* Montserrat-SemiBoldItalic.ttf in Resources */ = {isa = PBXBuildFile; fileRef = 0AC1BB8A26122A580017CD43 /* Montserrat-SemiBoldItalic.ttf */; };
		0AC1BBCA26122A580017CD43 /* Montserrat-ExtraBoldItalic.ttf in Resources */ = {isa = PBXBuildFile; fileRef = 0AC1BB8B26122A580017CD43 /* Montserrat-ExtraBoldItalic.ttf */; };
		0AC1BBCB26122A580017CD43 /* Font.swift in Sources */ = {isa = PBXBuildFile; fileRef = 0AC1BB8C26122A580017CD43 /* Font.swift */; };
		0AC1BBCC26122A580017CD43 /* JosefinSans-Italic.ttf in Resources */ = {isa = PBXBuildFile; fileRef = 0AC1BB8E26122A580017CD43 /* JosefinSans-Italic.ttf */; };
		0AC1BBCD26122A580017CD43 /* JosefinSans-Thin.ttf in Resources */ = {isa = PBXBuildFile; fileRef = 0AC1BB8F26122A580017CD43 /* JosefinSans-Thin.ttf */; };
		0AC1BBCE26122A580017CD43 /* JosefinSans-Bold.ttf in Resources */ = {isa = PBXBuildFile; fileRef = 0AC1BB9026122A580017CD43 /* JosefinSans-Bold.ttf */; };
		0AC1BBCF26122A580017CD43 /* JosefinSans-Light.ttf in Resources */ = {isa = PBXBuildFile; fileRef = 0AC1BB9126122A580017CD43 /* JosefinSans-Light.ttf */; };
		0AC1BBD026122A580017CD43 /* JosefinSans-LightItalic.ttf in Resources */ = {isa = PBXBuildFile; fileRef = 0AC1BB9226122A580017CD43 /* JosefinSans-LightItalic.ttf */; };
		0AC1BBD126122A580017CD43 /* JosefinSans-MediumItalic.ttf in Resources */ = {isa = PBXBuildFile; fileRef = 0AC1BB9326122A580017CD43 /* JosefinSans-MediumItalic.ttf */; };
		0AC1BBD226122A580017CD43 /* JosefinSans-SemiBold.ttf in Resources */ = {isa = PBXBuildFile; fileRef = 0AC1BB9426122A580017CD43 /* JosefinSans-SemiBold.ttf */; };
		0AC1BBD326122A580017CD43 /* JosefinSans-Regular.ttf in Resources */ = {isa = PBXBuildFile; fileRef = 0AC1BB9526122A580017CD43 /* JosefinSans-Regular.ttf */; };
		0AC1BBD426122A580017CD43 /* JosefinSans-ExtraLightItalic.ttf in Resources */ = {isa = PBXBuildFile; fileRef = 0AC1BB9626122A580017CD43 /* JosefinSans-ExtraLightItalic.ttf */; };
		0AC1BBD526122A580017CD43 /* JosefinSans-Medium.ttf in Resources */ = {isa = PBXBuildFile; fileRef = 0AC1BB9726122A580017CD43 /* JosefinSans-Medium.ttf */; };
		0AC1BBD626122A580017CD43 /* JosefinSans-BoldItalic.ttf in Resources */ = {isa = PBXBuildFile; fileRef = 0AC1BB9826122A580017CD43 /* JosefinSans-BoldItalic.ttf */; };
		0AC1BBD726122A580017CD43 /* JosefinSans-ThinItalic.ttf in Resources */ = {isa = PBXBuildFile; fileRef = 0AC1BB9926122A580017CD43 /* JosefinSans-ThinItalic.ttf */; };
		0AC1BBD826122A580017CD43 /* JosefinSans-ExtraLight.ttf in Resources */ = {isa = PBXBuildFile; fileRef = 0AC1BB9A26122A580017CD43 /* JosefinSans-ExtraLight.ttf */; };
		0AC1BBD926122A580017CD43 /* JosefinSans-SemiBoldItalic.ttf in Resources */ = {isa = PBXBuildFile; fileRef = 0AC1BB9B26122A580017CD43 /* JosefinSans-SemiBoldItalic.ttf */; };
		0AC1BBDA26122A580017CD43 /* Poppins-ExtraLight.ttf in Resources */ = {isa = PBXBuildFile; fileRef = 0AC1BB9D26122A580017CD43 /* Poppins-ExtraLight.ttf */; };
		0AC1BBDB26122A580017CD43 /* Poppins-ThinItalic.ttf in Resources */ = {isa = PBXBuildFile; fileRef = 0AC1BB9E26122A580017CD43 /* Poppins-ThinItalic.ttf */; };
		0AC1BBDC26122A580017CD43 /* Poppins-ExtraLightItalic.ttf in Resources */ = {isa = PBXBuildFile; fileRef = 0AC1BB9F26122A580017CD43 /* Poppins-ExtraLightItalic.ttf */; };
		0AC1BBDD26122A580017CD43 /* Poppins-BoldItalic.ttf in Resources */ = {isa = PBXBuildFile; fileRef = 0AC1BBA026122A580017CD43 /* Poppins-BoldItalic.ttf */; };
		0AC1BBDE26122A580017CD43 /* Poppins-Light.ttf in Resources */ = {isa = PBXBuildFile; fileRef = 0AC1BBA126122A580017CD43 /* Poppins-Light.ttf */; };
		0AC1BBDF26122A580017CD43 /* Poppins-Medium.ttf in Resources */ = {isa = PBXBuildFile; fileRef = 0AC1BBA226122A580017CD43 /* Poppins-Medium.ttf */; };
		0AC1BBE026122A580017CD43 /* Poppins-SemiBoldItalic.ttf in Resources */ = {isa = PBXBuildFile; fileRef = 0AC1BBA326122A580017CD43 /* Poppins-SemiBoldItalic.ttf */; };
		0AC1BBE126122A580017CD43 /* Poppins-ExtraBoldItalic.ttf in Resources */ = {isa = PBXBuildFile; fileRef = 0AC1BBA426122A580017CD43 /* Poppins-ExtraBoldItalic.ttf */; };
		0AC1BBE226122A580017CD43 /* Poppins-ExtraBold.ttf in Resources */ = {isa = PBXBuildFile; fileRef = 0AC1BBA526122A580017CD43 /* Poppins-ExtraBold.ttf */; };
		0AC1BBE326122A580017CD43 /* Poppins-BlackItalic.ttf in Resources */ = {isa = PBXBuildFile; fileRef = 0AC1BBA626122A580017CD43 /* Poppins-BlackItalic.ttf */; };
		0AC1BBE426122A580017CD43 /* Poppins-Regular.ttf in Resources */ = {isa = PBXBuildFile; fileRef = 0AC1BBA726122A580017CD43 /* Poppins-Regular.ttf */; };
		0AC1BBE526122A580017CD43 /* Poppins-LightItalic.ttf in Resources */ = {isa = PBXBuildFile; fileRef = 0AC1BBA826122A580017CD43 /* Poppins-LightItalic.ttf */; };
		0AC1BBE626122A580017CD43 /* Poppins-Bold.ttf in Resources */ = {isa = PBXBuildFile; fileRef = 0AC1BBA926122A580017CD43 /* Poppins-Bold.ttf */; };
		0AC1BBE726122A580017CD43 /* Poppins-Black.ttf in Resources */ = {isa = PBXBuildFile; fileRef = 0AC1BBAA26122A580017CD43 /* Poppins-Black.ttf */; };
		0AC1BBE826122A580017CD43 /* Poppins-Thin.ttf in Resources */ = {isa = PBXBuildFile; fileRef = 0AC1BBAB26122A580017CD43 /* Poppins-Thin.ttf */; };
		0AC1BBE926122A580017CD43 /* Poppins-SemiBold.ttf in Resources */ = {isa = PBXBuildFile; fileRef = 0AC1BBAC26122A580017CD43 /* Poppins-SemiBold.ttf */; };
		0AC1BBEA26122A580017CD43 /* Poppins-Italic.ttf in Resources */ = {isa = PBXBuildFile; fileRef = 0AC1BBAD26122A580017CD43 /* Poppins-Italic.ttf */; };
		0AC1BBEB26122A580017CD43 /* Poppins-MediumItalic.ttf in Resources */ = {isa = PBXBuildFile; fileRef = 0AC1BBAE26122A580017CD43 /* Poppins-MediumItalic.ttf */; };
		0ACE98A224432BB1006F9A12 /* AppDelegate.swift in Sources */ = {isa = PBXBuildFile; fileRef = 0ACE98A124432BB1006F9A12 /* AppDelegate.swift */; };
		0ACE98A424432BB1006F9A12 /* SceneDelegate.swift in Sources */ = {isa = PBXBuildFile; fileRef = 0ACE98A324432BB1006F9A12 /* SceneDelegate.swift */; };
		0ACE98A724432BB1006F9A12 /* Unofficial_SF_Symbols_Game.xcdatamodeld in Sources */ = {isa = PBXBuildFile; fileRef = 0ACE98A524432BB1006F9A12 /* Unofficial_SF_Symbols_Game.xcdatamodeld */; };
		0ACE98AB24432BB3006F9A12 /* Assets.xcassets in Resources */ = {isa = PBXBuildFile; fileRef = 0ACE98AA24432BB3006F9A12 /* Assets.xcassets */; };
		0ACE98AE24432BB3006F9A12 /* Preview Assets.xcassets in Resources */ = {isa = PBXBuildFile; fileRef = 0ACE98AD24432BB3006F9A12 /* Preview Assets.xcassets */; };
		0ACE98B124432BB3006F9A12 /* LaunchScreen.storyboard in Resources */ = {isa = PBXBuildFile; fileRef = 0ACE98AF24432BB3006F9A12 /* LaunchScreen.storyboard */; };
		0ACE98B924432DC6006F9A12 /* Symbols.swift in Sources */ = {isa = PBXBuildFile; fileRef = 0ACE98B824432DC6006F9A12 /* Symbols.swift */; };
		0ACE98BB24432FE4006F9A12 /* SymbolRow.swift in Sources */ = {isa = PBXBuildFile; fileRef = 0ACE98BA24432FE4006F9A12 /* SymbolRow.swift */; };
		0ACE98BE24433996006F9A12 /* View.swift in Sources */ = {isa = PBXBuildFile; fileRef = 0ACE98BD24433996006F9A12 /* View.swift */; };
		557AB15525C806C900CF5284 /* HapticFeedback.swift in Sources */ = {isa = PBXBuildFile; fileRef = 557AB15425C806C900CF5284 /* HapticFeedback.swift */; };
/* End PBXBuildFile section */

/* Begin PBXCopyFilesBuildPhase section */
		0AC1BB62261223370017CD43 /* Embed Frameworks */ = {
			isa = PBXCopyFilesBuildPhase;
			buildActionMask = 2147483647;
			dstPath = "";
			dstSubfolderSpec = 10;
			files = (
				0AC1BB61261223370017CD43 /* RRComponentsKit in Embed Frameworks */,
			);
			name = "Embed Frameworks";
			runOnlyForDeploymentPostprocessing = 0;
		};
/* End PBXCopyFilesBuildPhase section */

/* Begin PBXFileReference section */
		0A01CD412445843100800E7D /* BarButtonView.swift */ = {isa = PBXFileReference; fileEncoding = 4; lastKnownFileType = sourcecode.swift; path = BarButtonView.swift; sourceTree = "<group>"; };
		0A01CD422445843100800E7D /* MainSymbolGameView.swift */ = {isa = PBXFileReference; fileEncoding = 4; lastKnownFileType = sourcecode.swift; path = MainSymbolGameView.swift; sourceTree = "<group>"; };
		0A02DF4426122D1D00D0B356 /* SettingsView.swift */ = {isa = PBXFileReference; lastKnownFileType = sourcecode.swift; path = SettingsView.swift; sourceTree = "<group>"; };
		0A02DF482612306D00D0B356 /* SymbolsViewerView.swift */ = {isa = PBXFileReference; lastKnownFileType = sourcecode.swift; path = SymbolsViewerView.swift; sourceTree = "<group>"; };
		0A02DF4A2612350800D0B356 /* SymbolsViewerViewModel.swift */ = {isa = PBXFileReference; lastKnownFileType = sourcecode.swift; path = SymbolsViewerViewModel.swift; sourceTree = "<group>"; };
		0A02DF4C261235AF00D0B356 /* SymbolCategories.swift */ = {isa = PBXFileReference; lastKnownFileType = sourcecode.swift; path = SymbolCategories.swift; sourceTree = "<group>"; };
		0A664BF9261266EA00EFA8F5 /* SymbolCategoryView.swift */ = {isa = PBXFileReference; lastKnownFileType = sourcecode.swift; path = SymbolCategoryView.swift; sourceTree = "<group>"; };
		0AB5FD732444F1BF005DBD66 /* Color.swift */ = {isa = PBXFileReference; lastKnownFileType = sourcecode.swift; path = Color.swift; sourceTree = "<group>"; };
		0AC1BB54261217D20017CD43 /* Info.plist */ = {isa = PBXFileReference; lastKnownFileType = text.plist.xml; name = Info.plist; path = "SF Symbols Game/Info.plist"; sourceTree = "<group>"; };
		0AC1BB55261217E30017CD43 /* SF Symbols Game.entitlements */ = {isa = PBXFileReference; lastKnownFileType = text.plist.entitlements; name = "SF Symbols Game.entitlements"; path = "SF Symbols Game/SF Symbols Game.entitlements"; sourceTree = "<group>"; };
		0AC1BB59261222260017CD43 /* MainSymbolGameViewModel.swift */ = {isa = PBXFileReference; lastKnownFileType = sourcecode.swift; path = MainSymbolGameViewModel.swift; sourceTree = "<group>"; };
		0AC1BB63261225BF0017CD43 /* SFSymbolsFinder.swift */ = {isa = PBXFileReference; lastKnownFileType = sourcecode.swift; path = SFSymbolsFinder.swift; sourceTree = "<group>"; };
		0AC1BB6F26122A580017CD43 /* OpenSans-SemiBold.ttf */ = {isa = PBXFileReference; lastKnownFileType = file; path = "OpenSans-SemiBold.ttf"; sourceTree = "<group>"; };
		0AC1BB7026122A580017CD43 /* OpenSans-Light.ttf */ = {isa = PBXFileReference; lastKnownFileType = file; path = "OpenSans-Light.ttf"; sourceTree = "<group>"; };
		0AC1BB7126122A580017CD43 /* OpenSans-Italic.ttf */ = {isa = PBXFileReference; lastKnownFileType = file; path = "OpenSans-Italic.ttf"; sourceTree = "<group>"; };
		0AC1BB7226122A580017CD43 /* OpenSans-ExtraBold.ttf */ = {isa = PBXFileReference; lastKnownFileType = file; path = "OpenSans-ExtraBold.ttf"; sourceTree = "<group>"; };
		0AC1BB7326122A580017CD43 /* OpenSans-LightItalic.ttf */ = {isa = PBXFileReference; lastKnownFileType = file; path = "OpenSans-LightItalic.ttf"; sourceTree = "<group>"; };
		0AC1BB7426122A580017CD43 /* OpenSans-Bold.ttf */ = {isa = PBXFileReference; lastKnownFileType = file; path = "OpenSans-Bold.ttf"; sourceTree = "<group>"; };
		0AC1BB7526122A580017CD43 /* OpenSans-SemiBoldItalic.ttf */ = {isa = PBXFileReference; lastKnownFileType = file; path = "OpenSans-SemiBoldItalic.ttf"; sourceTree = "<group>"; };
		0AC1BB7626122A580017CD43 /* OpenSans-ExtraBoldItalic.ttf */ = {isa = PBXFileReference; lastKnownFileType = file; path = "OpenSans-ExtraBoldItalic.ttf"; sourceTree = "<group>"; };
		0AC1BB7726122A580017CD43 /* OpenSans-Regular.ttf */ = {isa = PBXFileReference; lastKnownFileType = file; path = "OpenSans-Regular.ttf"; sourceTree = "<group>"; };
		0AC1BB7826122A580017CD43 /* OpenSans-BoldItalic.ttf */ = {isa = PBXFileReference; lastKnownFileType = file; path = "OpenSans-BoldItalic.ttf"; sourceTree = "<group>"; };
		0AC1BB7A26122A580017CD43 /* Montserrat-LightItalic.ttf */ = {isa = PBXFileReference; lastKnownFileType = file; path = "Montserrat-LightItalic.ttf"; sourceTree = "<group>"; };
		0AC1BB7B26122A580017CD43 /* Montserrat-Medium.ttf */ = {isa = PBXFileReference; lastKnownFileType = file; path = "Montserrat-Medium.ttf"; sourceTree = "<group>"; };
		0AC1BB7C26122A580017CD43 /* Montserrat-BoldItalic.ttf */ = {isa = PBXFileReference; lastKnownFileType = file; path = "Montserrat-BoldItalic.ttf"; sourceTree = "<group>"; };
		0AC1BB7D26122A580017CD43 /* Montserrat-Light.ttf */ = {isa = PBXFileReference; lastKnownFileType = file; path = "Montserrat-Light.ttf"; sourceTree = "<group>"; };
		0AC1BB7E26122A580017CD43 /* Montserrat-ThinItalic.ttf */ = {isa = PBXFileReference; lastKnownFileType = file; path = "Montserrat-ThinItalic.ttf"; sourceTree = "<group>"; };
		0AC1BB7F26122A580017CD43 /* Montserrat-ExtraLight.ttf */ = {isa = PBXFileReference; lastKnownFileType = file; path = "Montserrat-ExtraLight.ttf"; sourceTree = "<group>"; };
		0AC1BB8026122A580017CD43 /* Montserrat-Thin.ttf */ = {isa = PBXFileReference; lastKnownFileType = file; path = "Montserrat-Thin.ttf"; sourceTree = "<group>"; };
		0AC1BB8126122A580017CD43 /* Montserrat-Bold.ttf */ = {isa = PBXFileReference; lastKnownFileType = file; path = "Montserrat-Bold.ttf"; sourceTree = "<group>"; };
		0AC1BB8226122A580017CD43 /* Montserrat-MediumItalic.ttf */ = {isa = PBXFileReference; lastKnownFileType = file; path = "Montserrat-MediumItalic.ttf"; sourceTree = "<group>"; };
		0AC1BB8326122A580017CD43 /* Montserrat-BlackItalic.ttf */ = {isa = PBXFileReference; lastKnownFileType = file; path = "Montserrat-BlackItalic.ttf"; sourceTree = "<group>"; };
		0AC1BB8426122A580017CD43 /* Montserrat-SemiBold.ttf */ = {isa = PBXFileReference; lastKnownFileType = file; path = "Montserrat-SemiBold.ttf"; sourceTree = "<group>"; };
		0AC1BB8526122A580017CD43 /* Montserrat-ExtraLightItalic.ttf */ = {isa = PBXFileReference; lastKnownFileType = file; path = "Montserrat-ExtraLightItalic.ttf"; sourceTree = "<group>"; };
		0AC1BB8626122A580017CD43 /* Montserrat-ExtraBold.ttf */ = {isa = PBXFileReference; lastKnownFileType = file; path = "Montserrat-ExtraBold.ttf"; sourceTree = "<group>"; };
		0AC1BB8726122A580017CD43 /* Montserrat-Black.ttf */ = {isa = PBXFileReference; lastKnownFileType = file; path = "Montserrat-Black.ttf"; sourceTree = "<group>"; };
		0AC1BB8826122A580017CD43 /* Montserrat-Regular.ttf */ = {isa = PBXFileReference; lastKnownFileType = file; path = "Montserrat-Regular.ttf"; sourceTree = "<group>"; };
		0AC1BB8926122A580017CD43 /* Montserrat-Italic.ttf */ = {isa = PBXFileReference; lastKnownFileType = file; path = "Montserrat-Italic.ttf"; sourceTree = "<group>"; };
		0AC1BB8A26122A580017CD43 /* Montserrat-SemiBoldItalic.ttf */ = {isa = PBXFileReference; lastKnownFileType = file; path = "Montserrat-SemiBoldItalic.ttf"; sourceTree = "<group>"; };
		0AC1BB8B26122A580017CD43 /* Montserrat-ExtraBoldItalic.ttf */ = {isa = PBXFileReference; lastKnownFileType = file; path = "Montserrat-ExtraBoldItalic.ttf"; sourceTree = "<group>"; };
		0AC1BB8C26122A580017CD43 /* Font.swift */ = {isa = PBXFileReference; fileEncoding = 4; lastKnownFileType = sourcecode.swift; path = Font.swift; sourceTree = "<group>"; };
		0AC1BB8E26122A580017CD43 /* JosefinSans-Italic.ttf */ = {isa = PBXFileReference; lastKnownFileType = file; path = "JosefinSans-Italic.ttf"; sourceTree = "<group>"; };
		0AC1BB8F26122A580017CD43 /* JosefinSans-Thin.ttf */ = {isa = PBXFileReference; lastKnownFileType = file; path = "JosefinSans-Thin.ttf"; sourceTree = "<group>"; };
		0AC1BB9026122A580017CD43 /* JosefinSans-Bold.ttf */ = {isa = PBXFileReference; lastKnownFileType = file; path = "JosefinSans-Bold.ttf"; sourceTree = "<group>"; };
		0AC1BB9126122A580017CD43 /* JosefinSans-Light.ttf */ = {isa = PBXFileReference; lastKnownFileType = file; path = "JosefinSans-Light.ttf"; sourceTree = "<group>"; };
		0AC1BB9226122A580017CD43 /* JosefinSans-LightItalic.ttf */ = {isa = PBXFileReference; lastKnownFileType = file; path = "JosefinSans-LightItalic.ttf"; sourceTree = "<group>"; };
		0AC1BB9326122A580017CD43 /* JosefinSans-MediumItalic.ttf */ = {isa = PBXFileReference; lastKnownFileType = file; path = "JosefinSans-MediumItalic.ttf"; sourceTree = "<group>"; };
		0AC1BB9426122A580017CD43 /* JosefinSans-SemiBold.ttf */ = {isa = PBXFileReference; lastKnownFileType = file; path = "JosefinSans-SemiBold.ttf"; sourceTree = "<group>"; };
		0AC1BB9526122A580017CD43 /* JosefinSans-Regular.ttf */ = {isa = PBXFileReference; lastKnownFileType = file; path = "JosefinSans-Regular.ttf"; sourceTree = "<group>"; };
		0AC1BB9626122A580017CD43 /* JosefinSans-ExtraLightItalic.ttf */ = {isa = PBXFileReference; lastKnownFileType = file; path = "JosefinSans-ExtraLightItalic.ttf"; sourceTree = "<group>"; };
		0AC1BB9726122A580017CD43 /* JosefinSans-Medium.ttf */ = {isa = PBXFileReference; lastKnownFileType = file; path = "JosefinSans-Medium.ttf"; sourceTree = "<group>"; };
		0AC1BB9826122A580017CD43 /* JosefinSans-BoldItalic.ttf */ = {isa = PBXFileReference; lastKnownFileType = file; path = "JosefinSans-BoldItalic.ttf"; sourceTree = "<group>"; };
		0AC1BB9926122A580017CD43 /* JosefinSans-ThinItalic.ttf */ = {isa = PBXFileReference; lastKnownFileType = file; path = "JosefinSans-ThinItalic.ttf"; sourceTree = "<group>"; };
		0AC1BB9A26122A580017CD43 /* JosefinSans-ExtraLight.ttf */ = {isa = PBXFileReference; lastKnownFileType = file; path = "JosefinSans-ExtraLight.ttf"; sourceTree = "<group>"; };
		0AC1BB9B26122A580017CD43 /* JosefinSans-SemiBoldItalic.ttf */ = {isa = PBXFileReference; lastKnownFileType = file; path = "JosefinSans-SemiBoldItalic.ttf"; sourceTree = "<group>"; };
		0AC1BB9D26122A580017CD43 /* Poppins-ExtraLight.ttf */ = {isa = PBXFileReference; lastKnownFileType = file; path = "Poppins-ExtraLight.ttf"; sourceTree = "<group>"; };
		0AC1BB9E26122A580017CD43 /* Poppins-ThinItalic.ttf */ = {isa = PBXFileReference; lastKnownFileType = file; path = "Poppins-ThinItalic.ttf"; sourceTree = "<group>"; };
		0AC1BB9F26122A580017CD43 /* Poppins-ExtraLightItalic.ttf */ = {isa = PBXFileReference; lastKnownFileType = file; path = "Poppins-ExtraLightItalic.ttf"; sourceTree = "<group>"; };
		0AC1BBA026122A580017CD43 /* Poppins-BoldItalic.ttf */ = {isa = PBXFileReference; lastKnownFileType = file; path = "Poppins-BoldItalic.ttf"; sourceTree = "<group>"; };
		0AC1BBA126122A580017CD43 /* Poppins-Light.ttf */ = {isa = PBXFileReference; lastKnownFileType = file; path = "Poppins-Light.ttf"; sourceTree = "<group>"; };
		0AC1BBA226122A580017CD43 /* Poppins-Medium.ttf */ = {isa = PBXFileReference; lastKnownFileType = file; path = "Poppins-Medium.ttf"; sourceTree = "<group>"; };
		0AC1BBA326122A580017CD43 /* Poppins-SemiBoldItalic.ttf */ = {isa = PBXFileReference; lastKnownFileType = file; path = "Poppins-SemiBoldItalic.ttf"; sourceTree = "<group>"; };
		0AC1BBA426122A580017CD43 /* Poppins-ExtraBoldItalic.ttf */ = {isa = PBXFileReference; lastKnownFileType = file; path = "Poppins-ExtraBoldItalic.ttf"; sourceTree = "<group>"; };
		0AC1BBA526122A580017CD43 /* Poppins-ExtraBold.ttf */ = {isa = PBXFileReference; lastKnownFileType = file; path = "Poppins-ExtraBold.ttf"; sourceTree = "<group>"; };
		0AC1BBA626122A580017CD43 /* Poppins-BlackItalic.ttf */ = {isa = PBXFileReference; lastKnownFileType = file; path = "Poppins-BlackItalic.ttf"; sourceTree = "<group>"; };
		0AC1BBA726122A580017CD43 /* Poppins-Regular.ttf */ = {isa = PBXFileReference; lastKnownFileType = file; path = "Poppins-Regular.ttf"; sourceTree = "<group>"; };
		0AC1BBA826122A580017CD43 /* Poppins-LightItalic.ttf */ = {isa = PBXFileReference; lastKnownFileType = file; path = "Poppins-LightItalic.ttf"; sourceTree = "<group>"; };
		0AC1BBA926122A580017CD43 /* Poppins-Bold.ttf */ = {isa = PBXFileReference; lastKnownFileType = file; path = "Poppins-Bold.ttf"; sourceTree = "<group>"; };
		0AC1BBAA26122A580017CD43 /* Poppins-Black.ttf */ = {isa = PBXFileReference; lastKnownFileType = file; path = "Poppins-Black.ttf"; sourceTree = "<group>"; };
		0AC1BBAB26122A580017CD43 /* Poppins-Thin.ttf */ = {isa = PBXFileReference; lastKnownFileType = file; path = "Poppins-Thin.ttf"; sourceTree = "<group>"; };
		0AC1BBAC26122A580017CD43 /* Poppins-SemiBold.ttf */ = {isa = PBXFileReference; lastKnownFileType = file; path = "Poppins-SemiBold.ttf"; sourceTree = "<group>"; };
		0AC1BBAD26122A580017CD43 /* Poppins-Italic.ttf */ = {isa = PBXFileReference; lastKnownFileType = file; path = "Poppins-Italic.ttf"; sourceTree = "<group>"; };
		0AC1BBAE26122A580017CD43 /* Poppins-MediumItalic.ttf */ = {isa = PBXFileReference; lastKnownFileType = file; path = "Poppins-MediumItalic.ttf"; sourceTree = "<group>"; };
		0ACE989E24432BB1006F9A12 /* Symbols Game.app */ = {isa = PBXFileReference; explicitFileType = wrapper.application; includeInIndex = 0; path = "Symbols Game.app"; sourceTree = BUILT_PRODUCTS_DIR; };
		0ACE98A124432BB1006F9A12 /* AppDelegate.swift */ = {isa = PBXFileReference; lastKnownFileType = sourcecode.swift; path = AppDelegate.swift; sourceTree = "<group>"; };
		0ACE98A324432BB1006F9A12 /* SceneDelegate.swift */ = {isa = PBXFileReference; lastKnownFileType = sourcecode.swift; path = SceneDelegate.swift; sourceTree = "<group>"; };
		0ACE98A624432BB1006F9A12 /* Unofficial_SF_Symbols_Game.xcdatamodel */ = {isa = PBXFileReference; lastKnownFileType = wrapper.xcdatamodel; path = Unofficial_SF_Symbols_Game.xcdatamodel; sourceTree = "<group>"; };
		0ACE98AA24432BB3006F9A12 /* Assets.xcassets */ = {isa = PBXFileReference; lastKnownFileType = folder.assetcatalog; path = Assets.xcassets; sourceTree = "<group>"; };
		0ACE98AD24432BB3006F9A12 /* Preview Assets.xcassets */ = {isa = PBXFileReference; lastKnownFileType = folder.assetcatalog; path = "Preview Assets.xcassets"; sourceTree = "<group>"; };
		0ACE98B024432BB3006F9A12 /* Base */ = {isa = PBXFileReference; lastKnownFileType = file.storyboard; name = Base; path = Base.lproj/LaunchScreen.storyboard; sourceTree = "<group>"; };
		0ACE98B824432DC6006F9A12 /* Symbols.swift */ = {isa = PBXFileReference; lastKnownFileType = sourcecode.swift; path = Symbols.swift; sourceTree = "<group>"; };
		0ACE98BA24432FE4006F9A12 /* SymbolRow.swift */ = {isa = PBXFileReference; lastKnownFileType = sourcecode.swift; path = SymbolRow.swift; sourceTree = "<group>"; };
		0ACE98BD24433996006F9A12 /* View.swift */ = {isa = PBXFileReference; lastKnownFileType = sourcecode.swift; path = View.swift; sourceTree = "<group>"; };
		557AB15425C806C900CF5284 /* HapticFeedback.swift */ = {isa = PBXFileReference; lastKnownFileType = sourcecode.swift; path = HapticFeedback.swift; sourceTree = "<group>"; };
/* End PBXFileReference section */

/* Begin PBXFrameworksBuildPhase section */
		0ACE989B24432BB1006F9A12 /* Frameworks */ = {
			isa = PBXFrameworksBuildPhase;
			buildActionMask = 2147483647;
			files = (
				0AC1BB60261223370017CD43 /* RRComponentsKit in Frameworks */,
			);
			runOnlyForDeploymentPostprocessing = 0;
		};
/* End PBXFrameworksBuildPhase section */

/* Begin PBXGroup section */
		0A02DF4326122D0700D0B356 /* Settings View */ = {
			isa = PBXGroup;
			children = (
				0A02DF4426122D1D00D0B356 /* SettingsView.swift */,
			);
			path = "Settings View";
			sourceTree = "<group>";
		};
		0A02DF462612305C00D0B356 /* Viewer View */ = {
			isa = PBXGroup;
			children = (
				0A02DF482612306D00D0B356 /* SymbolsViewerView.swift */,
				0A664BF9261266EA00EFA8F5 /* SymbolCategoryView.swift */,
			);
			path = "Viewer View";
			sourceTree = "<group>";
		};
		0A4A874525685D11000569FF /* Support */ = {
			isa = PBXGroup;
			children = (
				0ACE98AF24432BB3006F9A12 /* LaunchScreen.storyboard */,
				0ACE98A524432BB1006F9A12 /* Unofficial_SF_Symbols_Game.xcdatamodeld */,
				0ACE98A124432BB1006F9A12 /* AppDelegate.swift */,
				0ACE98A324432BB1006F9A12 /* SceneDelegate.swift */,
				0ACE98AA24432BB3006F9A12 /* Assets.xcassets */,
			);
			name = Support;
			path = "SF Symbols Game/Support";
			sourceTree = "<group>";
		};
		0A4A874625685D21000569FF /* Model */ = {
			isa = PBXGroup;
			children = (
				0ACE98B824432DC6006F9A12 /* Symbols.swift */,
				0AC1BB63261225BF0017CD43 /* SFSymbolsFinder.swift */,
				0A02DF4C261235AF00D0B356 /* SymbolCategories.swift */,
			);
			name = Model;
			path = "SF Symbols Game/Model";
			sourceTree = "<group>";
		};
		0AB5FD752444F23B005DBD66 /* Views */ = {
			isa = PBXGroup;
			children = (
				0A02DF462612305C00D0B356 /* Viewer View */,
				0AB5FD762444F240005DBD66 /* Main View */,
				0A02DF4326122D0700D0B356 /* Settings View */,
			);
			name = Views;
			path = "SF Symbols Game/Views";
			sourceTree = "<group>";
		};
		0AB5FD762444F240005DBD66 /* Main View */ = {
			isa = PBXGroup;
			children = (
				0A01CD422445843100800E7D /* MainSymbolGameView.swift */,
				0ACE98BA24432FE4006F9A12 /* SymbolRow.swift */,
				0A01CD412445843100800E7D /* BarButtonView.swift */,
			);
			path = "Main View";
			sourceTree = "<group>";
		};
		0AC1BB58261222020017CD43 /* View Models */ = {
			isa = PBXGroup;
			children = (
				0AC1BB59261222260017CD43 /* MainSymbolGameViewModel.swift */,
				0A02DF4A2612350800D0B356 /* SymbolsViewerViewModel.swift */,
			);
			path = "View Models";
			sourceTree = "<group>";
		};
		0AC1BB6D26122A580017CD43 /* Fonts */ = {
			isa = PBXGroup;
			children = (
				0AC1BB6E26122A580017CD43 /* Open Sans */,
				0AC1BB7926122A580017CD43 /* Montserrat */,
				0AC1BB8C26122A580017CD43 /* Font.swift */,
				0AC1BB8D26122A580017CD43 /* Josefin Sans */,
				0AC1BB9C26122A580017CD43 /* Poppins */,
			);
			path = Fonts;
			sourceTree = "<group>";
		};
		0AC1BB6E26122A580017CD43 /* Open Sans */ = {
			isa = PBXGroup;
			children = (
				0AC1BB6F26122A580017CD43 /* OpenSans-SemiBold.ttf */,
				0AC1BB7026122A580017CD43 /* OpenSans-Light.ttf */,
				0AC1BB7126122A580017CD43 /* OpenSans-Italic.ttf */,
				0AC1BB7226122A580017CD43 /* OpenSans-ExtraBold.ttf */,
				0AC1BB7326122A580017CD43 /* OpenSans-LightItalic.ttf */,
				0AC1BB7426122A580017CD43 /* OpenSans-Bold.ttf */,
				0AC1BB7526122A580017CD43 /* OpenSans-SemiBoldItalic.ttf */,
				0AC1BB7626122A580017CD43 /* OpenSans-ExtraBoldItalic.ttf */,
				0AC1BB7726122A580017CD43 /* OpenSans-Regular.ttf */,
				0AC1BB7826122A580017CD43 /* OpenSans-BoldItalic.ttf */,
			);
			path = "Open Sans";
			sourceTree = "<group>";
		};
		0AC1BB7926122A580017CD43 /* Montserrat */ = {
			isa = PBXGroup;
			children = (
				0AC1BB7A26122A580017CD43 /* Montserrat-LightItalic.ttf */,
				0AC1BB7B26122A580017CD43 /* Montserrat-Medium.ttf */,
				0AC1BB7C26122A580017CD43 /* Montserrat-BoldItalic.ttf */,
				0AC1BB7D26122A580017CD43 /* Montserrat-Light.ttf */,
				0AC1BB7E26122A580017CD43 /* Montserrat-ThinItalic.ttf */,
				0AC1BB7F26122A580017CD43 /* Montserrat-ExtraLight.ttf */,
				0AC1BB8026122A580017CD43 /* Montserrat-Thin.ttf */,
				0AC1BB8126122A580017CD43 /* Montserrat-Bold.ttf */,
				0AC1BB8226122A580017CD43 /* Montserrat-MediumItalic.ttf */,
				0AC1BB8326122A580017CD43 /* Montserrat-BlackItalic.ttf */,
				0AC1BB8426122A580017CD43 /* Montserrat-SemiBold.ttf */,
				0AC1BB8526122A580017CD43 /* Montserrat-ExtraLightItalic.ttf */,
				0AC1BB8626122A580017CD43 /* Montserrat-ExtraBold.ttf */,
				0AC1BB8726122A580017CD43 /* Montserrat-Black.ttf */,
				0AC1BB8826122A580017CD43 /* Montserrat-Regular.ttf */,
				0AC1BB8926122A580017CD43 /* Montserrat-Italic.ttf */,
				0AC1BB8A26122A580017CD43 /* Montserrat-SemiBoldItalic.ttf */,
				0AC1BB8B26122A580017CD43 /* Montserrat-ExtraBoldItalic.ttf */,
			);
			path = Montserrat;
			sourceTree = "<group>";
		};
		0AC1BB8D26122A580017CD43 /* Josefin Sans */ = {
			isa = PBXGroup;
			children = (
				0AC1BB8E26122A580017CD43 /* JosefinSans-Italic.ttf */,
				0AC1BB8F26122A580017CD43 /* JosefinSans-Thin.ttf */,
				0AC1BB9026122A580017CD43 /* JosefinSans-Bold.ttf */,
				0AC1BB9126122A580017CD43 /* JosefinSans-Light.ttf */,
				0AC1BB9226122A580017CD43 /* JosefinSans-LightItalic.ttf */,
				0AC1BB9326122A580017CD43 /* JosefinSans-MediumItalic.ttf */,
				0AC1BB9426122A580017CD43 /* JosefinSans-SemiBold.ttf */,
				0AC1BB9526122A580017CD43 /* JosefinSans-Regular.ttf */,
				0AC1BB9626122A580017CD43 /* JosefinSans-ExtraLightItalic.ttf */,
				0AC1BB9726122A580017CD43 /* JosefinSans-Medium.ttf */,
				0AC1BB9826122A580017CD43 /* JosefinSans-BoldItalic.ttf */,
				0AC1BB9926122A580017CD43 /* JosefinSans-ThinItalic.ttf */,
				0AC1BB9A26122A580017CD43 /* JosefinSans-ExtraLight.ttf */,
				0AC1BB9B26122A580017CD43 /* JosefinSans-SemiBoldItalic.ttf */,
			);
			path = "Josefin Sans";
			sourceTree = "<group>";
		};
		0AC1BB9C26122A580017CD43 /* Poppins */ = {
			isa = PBXGroup;
			children = (
				0AC1BB9D26122A580017CD43 /* Poppins-ExtraLight.ttf */,
				0AC1BB9E26122A580017CD43 /* Poppins-ThinItalic.ttf */,
				0AC1BB9F26122A580017CD43 /* Poppins-ExtraLightItalic.ttf */,
				0AC1BBA026122A580017CD43 /* Poppins-BoldItalic.ttf */,
				0AC1BBA126122A580017CD43 /* Poppins-Light.ttf */,
				0AC1BBA226122A580017CD43 /* Poppins-Medium.ttf */,
				0AC1BBA326122A580017CD43 /* Poppins-SemiBoldItalic.ttf */,
				0AC1BBA426122A580017CD43 /* Poppins-ExtraBoldItalic.ttf */,
				0AC1BBA526122A580017CD43 /* Poppins-ExtraBold.ttf */,
				0AC1BBA626122A580017CD43 /* Poppins-BlackItalic.ttf */,
				0AC1BBA726122A580017CD43 /* Poppins-Regular.ttf */,
				0AC1BBA826122A580017CD43 /* Poppins-LightItalic.ttf */,
				0AC1BBA926122A580017CD43 /* Poppins-Bold.ttf */,
				0AC1BBAA26122A580017CD43 /* Poppins-Black.ttf */,
				0AC1BBAB26122A580017CD43 /* Poppins-Thin.ttf */,
				0AC1BBAC26122A580017CD43 /* Poppins-SemiBold.ttf */,
				0AC1BBAD26122A580017CD43 /* Poppins-Italic.ttf */,
				0AC1BBAE26122A580017CD43 /* Poppins-MediumItalic.ttf */,
			);
			path = Poppins;
			sourceTree = "<group>";
		};
		0ACE989524432BB1006F9A12 = {
			isa = PBXGroup;
			children = (
				0ACE98A024432BB1006F9A12 /* SF Symbols Game */,
				0ACE989F24432BB1006F9A12 /* Products */,
			);
			sourceTree = "<group>";
		};
		0ACE989F24432BB1006F9A12 /* Products */ = {
			isa = PBXGroup;
			children = (
				0ACE989E24432BB1006F9A12 /* Symbols Game.app */,
			);
			name = Products;
			sourceTree = "<group>";
		};
		0ACE98A024432BB1006F9A12 /* SF Symbols Game */ = {
			isa = PBXGroup;
			children = (
				0AC1BB55261217E30017CD43 /* SF Symbols Game.entitlements */,
				0AC1BB54261217D20017CD43 /* Info.plist */,
				0AB5FD752444F23B005DBD66 /* Views */,
				0AC1BB58261222020017CD43 /* View Models */,
				0A4A874625685D21000569FF /* Model */,
				0A4A874525685D11000569FF /* Support */,
				557AB15325C806B700CF5284 /* Utilities */,
				0ACE98BC24433987006F9A12 /* Extensions */,
				0ACE98AC24432BB3006F9A12 /* Preview Content */,
			);
			name = "SF Symbols Game";
			sourceTree = "<group>";
		};
		0ACE98AC24432BB3006F9A12 /* Preview Content */ = {
			isa = PBXGroup;
			children = (
				0ACE98AD24432BB3006F9A12 /* Preview Assets.xcassets */,
			);
			name = "Preview Content";
			path = "SF Symbols Game/Preview Content";
			sourceTree = "<group>";
		};
		0ACE98BC24433987006F9A12 /* Extensions */ = {
			isa = PBXGroup;
			children = (
				0ACE98BD24433996006F9A12 /* View.swift */,
				0AB5FD732444F1BF005DBD66 /* Color.swift */,
			);
			name = Extensions;
			path = "SF Symbols Game/Extensions";
			sourceTree = "<group>";
		};
		557AB15325C806B700CF5284 /* Utilities */ = {
			isa = PBXGroup;
			children = (
				0AC1BB6D26122A580017CD43 /* Fonts */,
				557AB15425C806C900CF5284 /* HapticFeedback.swift */,
			);
			name = Utilities;
			path = "SF Symbols Game/Utilities";
			sourceTree = "<group>";
		};
/* End PBXGroup section */

/* Begin PBXNativeTarget section */
		0ACE989D24432BB1006F9A12 /* SF Symbols Game */ = {
			isa = PBXNativeTarget;
			buildConfigurationList = 0ACE98B524432BB3006F9A12 /* Build configuration list for PBXNativeTarget "SF Symbols Game" */;
			buildPhases = (
				0ACE989A24432BB1006F9A12 /* Sources */,
				0ACE989B24432BB1006F9A12 /* Frameworks */,
				0ACE989C24432BB1006F9A12 /* Resources */,
				0AC1BB62261223370017CD43 /* Embed Frameworks */,
			);
			buildRules = (
			);
			dependencies = (
			);
			name = "SF Symbols Game";
			packageProductDependencies = (
				0AC1BB5F261223370017CD43 /* RRComponentsKit */,
			);
			productName = "Unofficial SF Symbols Game";
			productReference = 0ACE989E24432BB1006F9A12 /* Symbols Game.app */;
			productType = "com.apple.product-type.application";
		};
/* End PBXNativeTarget section */

/* Begin PBXProject section */
		0ACE989624432BB1006F9A12 /* Project object */ = {
			isa = PBXProject;
			attributes = {
				LastSwiftUpdateCheck = 1140;
				LastUpgradeCheck = 1220;
				ORGANIZATIONNAME = "Rudrank Riyam";
				TargetAttributes = {
					0ACE989D24432BB1006F9A12 = {
						CreatedOnToolsVersion = 11.4;
					};
				};
			};
			buildConfigurationList = 0ACE989924432BB1006F9A12 /* Build configuration list for PBXProject "SF Symbols Game" */;
			compatibilityVersion = "Xcode 9.3";
			developmentRegion = en;
			hasScannedForEncodings = 0;
			knownRegions = (
				en,
				Base,
			);
			mainGroup = 0ACE989524432BB1006F9A12;
			packageReferences = (
				0AC1BB5E261223370017CD43 /* XCRemoteSwiftPackageReference "RRComponentsKit" */,
			);
			productRefGroup = 0ACE989F24432BB1006F9A12 /* Products */;
			projectDirPath = "";
			projectRoot = "";
			targets = (
				0ACE989D24432BB1006F9A12 /* SF Symbols Game */,
			);
		};
/* End PBXProject section */

/* Begin PBXResourcesBuildPhase section */
		0ACE989C24432BB1006F9A12 /* Resources */ = {
			isa = PBXResourcesBuildPhase;
			buildActionMask = 2147483647;
			files = (
				0AC1BBDC26122A580017CD43 /* Poppins-ExtraLightItalic.ttf in Resources */,
				0AC1BBC826122A580017CD43 /* Montserrat-Italic.ttf in Resources */,
				0AC1BBD026122A580017CD43 /* JosefinSans-LightItalic.ttf in Resources */,
				0AC1BBC126122A580017CD43 /* Montserrat-MediumItalic.ttf in Resources */,
				0AC1BBBE26122A580017CD43 /* Montserrat-ExtraLight.ttf in Resources */,
				0AC1BBC426122A580017CD43 /* Montserrat-ExtraLightItalic.ttf in Resources */,
				0AC1BBE726122A580017CD43 /* Poppins-Black.ttf in Resources */,
				0AC1BBAF26122A580017CD43 /* OpenSans-SemiBold.ttf in Resources */,
				0AC1BBD926122A580017CD43 /* JosefinSans-SemiBoldItalic.ttf in Resources */,
				0AC1BBE826122A580017CD43 /* Poppins-Thin.ttf in Resources */,
				0AC1BBD826122A580017CD43 /* JosefinSans-ExtraLight.ttf in Resources */,
				0AC1BBCE26122A580017CD43 /* JosefinSans-Bold.ttf in Resources */,
				0AC1BBE226122A580017CD43 /* Poppins-ExtraBold.ttf in Resources */,
				0AC1BBE626122A580017CD43 /* Poppins-Bold.ttf in Resources */,
				0AC1BBD626122A580017CD43 /* JosefinSans-BoldItalic.ttf in Resources */,
				0AC1BBE926122A580017CD43 /* Poppins-SemiBold.ttf in Resources */,
				0AC1BBE126122A580017CD43 /* Poppins-ExtraBoldItalic.ttf in Resources */,
				0AC1BBBA26122A580017CD43 /* Montserrat-Medium.ttf in Resources */,
				0AC1BBBC26122A580017CD43 /* Montserrat-Light.ttf in Resources */,
				0ACE98B124432BB3006F9A12 /* LaunchScreen.storyboard in Resources */,
				0AC1BBC326122A580017CD43 /* Montserrat-SemiBold.ttf in Resources */,
				0AC1BBC626122A580017CD43 /* Montserrat-Black.ttf in Resources */,
				0AC1BBB226122A580017CD43 /* OpenSans-ExtraBold.ttf in Resources */,
				0AC1BBC226122A580017CD43 /* Montserrat-BlackItalic.ttf in Resources */,
				0AC1BBCF26122A580017CD43 /* JosefinSans-Light.ttf in Resources */,
				0ACE98AE24432BB3006F9A12 /* Preview Assets.xcassets in Resources */,
				0AC1BBB526122A580017CD43 /* OpenSans-SemiBoldItalic.ttf in Resources */,
				0AC1BBE426122A580017CD43 /* Poppins-Regular.ttf in Resources */,
				0AC1BBDF26122A580017CD43 /* Poppins-Medium.ttf in Resources */,
				0AC1BBB126122A580017CD43 /* OpenSans-Italic.ttf in Resources */,
				0AC1BBB426122A580017CD43 /* OpenSans-Bold.ttf in Resources */,
				0AC1BBBF26122A580017CD43 /* Montserrat-Thin.ttf in Resources */,
				0AC1BBD426122A580017CD43 /* JosefinSans-ExtraLightItalic.ttf in Resources */,
				0AC1BBD526122A580017CD43 /* JosefinSans-Medium.ttf in Resources */,
				0AC1BBCD26122A580017CD43 /* JosefinSans-Thin.ttf in Resources */,
				0AC1BBC726122A580017CD43 /* Montserrat-Regular.ttf in Resources */,
				0AC1BBE026122A580017CD43 /* Poppins-SemiBoldItalic.ttf in Resources */,
				0AC1BBE326122A580017CD43 /* Poppins-BlackItalic.ttf in Resources */,
				0AC1BBCA26122A580017CD43 /* Montserrat-ExtraBoldItalic.ttf in Resources */,
				0AC1BBC926122A580017CD43 /* Montserrat-SemiBoldItalic.ttf in Resources */,
				0AC1BBDD26122A580017CD43 /* Poppins-BoldItalic.ttf in Resources */,
				0AC1BBDE26122A580017CD43 /* Poppins-Light.ttf in Resources */,
				0AC1BBBB26122A580017CD43 /* Montserrat-BoldItalic.ttf in Resources */,
				0AC1BBD326122A580017CD43 /* JosefinSans-Regular.ttf in Resources */,
				0AC1BBDB26122A580017CD43 /* Poppins-ThinItalic.ttf in Resources */,
				0AC1BBD126122A580017CD43 /* JosefinSans-MediumItalic.ttf in Resources */,
				0AC1BBD726122A580017CD43 /* JosefinSans-ThinItalic.ttf in Resources */,
				0AC1BBE526122A580017CD43 /* Poppins-LightItalic.ttf in Resources */,
				0AC1BBB026122A580017CD43 /* OpenSans-Light.ttf in Resources */,
				0AC1BBDA26122A580017CD43 /* Poppins-ExtraLight.ttf in Resources */,
				0AC1BBB926122A580017CD43 /* Montserrat-LightItalic.ttf in Resources */,
				0AC1BBB826122A580017CD43 /* OpenSans-BoldItalic.ttf in Resources */,
				0AC1BBEA26122A580017CD43 /* Poppins-Italic.ttf in Resources */,
				0AC1BBD226122A580017CD43 /* JosefinSans-SemiBold.ttf in Resources */,
				0AC1BBCC26122A580017CD43 /* JosefinSans-Italic.ttf in Resources */,
				0AC1BBB326122A580017CD43 /* OpenSans-LightItalic.ttf in Resources */,
				0AC1BBBD26122A580017CD43 /* Montserrat-ThinItalic.ttf in Resources */,
				0AC1BBC526122A580017CD43 /* Montserrat-ExtraBold.ttf in Resources */,
				0AC1BBB626122A580017CD43 /* OpenSans-ExtraBoldItalic.ttf in Resources */,
				0AC1BBB726122A580017CD43 /* OpenSans-Regular.ttf in Resources */,
				0ACE98AB24432BB3006F9A12 /* Assets.xcassets in Resources */,
				0AC1BBEB26122A580017CD43 /* Poppins-MediumItalic.ttf in Resources */,
				0AC1BBC026122A580017CD43 /* Montserrat-Bold.ttf in Resources */,
			);
			runOnlyForDeploymentPostprocessing = 0;
		};
/* End PBXResourcesBuildPhase section */

/* Begin PBXSourcesBuildPhase section */
		0ACE989A24432BB1006F9A12 /* Sources */ = {
			isa = PBXSourcesBuildPhase;
			buildActionMask = 2147483647;
			files = (
				0ACE98B924432DC6006F9A12 /* Symbols.swift in Sources */,
				0A01CD442445843100800E7D /* MainSymbolGameView.swift in Sources */,
				557AB15525C806C900CF5284 /* HapticFeedback.swift in Sources */,
				0ACE98A224432BB1006F9A12 /* AppDelegate.swift in Sources */,
				0A02DF4E2612390A00D0B356 /* SymbolCategories.swift in Sources */,
				0ACE98A724432BB1006F9A12 /* Unofficial_SF_Symbols_Game.xcdatamodeld in Sources */,
				0A01CD432445843100800E7D /* BarButtonView.swift in Sources */,
				0A02DF4526122D1D00D0B356 /* SettingsView.swift in Sources */,
				0AC1BBCB26122A580017CD43 /* Font.swift in Sources */,
				0AB5FD742444F1BF005DBD66 /* Color.swift in Sources */,
				0ACE98BE24433996006F9A12 /* View.swift in Sources */,
				0AC1BB5A261222260017CD43 /* MainSymbolGameViewModel.swift in Sources */,
				0A02DF4F2612391700D0B356 /* SFSymbolsFinder.swift in Sources */,
				0ACE98BB24432FE4006F9A12 /* SymbolRow.swift in Sources */,
				0A664BFA261266EA00EFA8F5 /* SymbolCategoryView.swift in Sources */,
				0ACE98A424432BB1006F9A12 /* SceneDelegate.swift in Sources */,
				0A02DF4B2612350800D0B356 /* SymbolsViewerViewModel.swift in Sources */,
				0A02DF492612306D00D0B356 /* SymbolsViewerView.swift in Sources */,
			);
			runOnlyForDeploymentPostprocessing = 0;
		};
/* End PBXSourcesBuildPhase section */

/* Begin PBXVariantGroup section */
		0ACE98AF24432BB3006F9A12 /* LaunchScreen.storyboard */ = {
			isa = PBXVariantGroup;
			children = (
				0ACE98B024432BB3006F9A12 /* Base */,
			);
			name = LaunchScreen.storyboard;
			sourceTree = "<group>";
		};
/* End PBXVariantGroup section */

/* Begin XCBuildConfiguration section */
		0ACE98B324432BB3006F9A12 /* Debug */ = {
			isa = XCBuildConfiguration;
			buildSettings = {
				ALWAYS_SEARCH_USER_PATHS = NO;
				CLANG_ANALYZER_NONNULL = YES;
				CLANG_ANALYZER_NUMBER_OBJECT_CONVERSION = YES_AGGRESSIVE;
				CLANG_CXX_LANGUAGE_STANDARD = "gnu++14";
				CLANG_CXX_LIBRARY = "libc++";
				CLANG_ENABLE_MODULES = YES;
				CLANG_ENABLE_OBJC_ARC = YES;
				CLANG_ENABLE_OBJC_WEAK = YES;
				CLANG_WARN_BLOCK_CAPTURE_AUTORELEASING = YES;
				CLANG_WARN_BOOL_CONVERSION = YES;
				CLANG_WARN_COMMA = YES;
				CLANG_WARN_CONSTANT_CONVERSION = YES;
				CLANG_WARN_DEPRECATED_OBJC_IMPLEMENTATIONS = YES;
				CLANG_WARN_DIRECT_OBJC_ISA_USAGE = YES_ERROR;
				CLANG_WARN_DOCUMENTATION_COMMENTS = YES;
				CLANG_WARN_EMPTY_BODY = YES;
				CLANG_WARN_ENUM_CONVERSION = YES;
				CLANG_WARN_INFINITE_RECURSION = YES;
				CLANG_WARN_INT_CONVERSION = YES;
				CLANG_WARN_NON_LITERAL_NULL_CONVERSION = YES;
				CLANG_WARN_OBJC_IMPLICIT_RETAIN_SELF = YES;
				CLANG_WARN_OBJC_LITERAL_CONVERSION = YES;
				CLANG_WARN_OBJC_ROOT_CLASS = YES_ERROR;
				CLANG_WARN_QUOTED_INCLUDE_IN_FRAMEWORK_HEADER = YES;
				CLANG_WARN_RANGE_LOOP_ANALYSIS = YES;
				CLANG_WARN_STRICT_PROTOTYPES = YES;
				CLANG_WARN_SUSPICIOUS_MOVE = YES;
				CLANG_WARN_UNGUARDED_AVAILABILITY = YES_AGGRESSIVE;
				CLANG_WARN_UNREACHABLE_CODE = YES;
				CLANG_WARN__DUPLICATE_METHOD_MATCH = YES;
				COPY_PHASE_STRIP = NO;
				DEBUG_INFORMATION_FORMAT = dwarf;
				ENABLE_STRICT_OBJC_MSGSEND = YES;
				ENABLE_TESTABILITY = YES;
				GCC_C_LANGUAGE_STANDARD = gnu11;
				GCC_DYNAMIC_NO_PIC = NO;
				GCC_NO_COMMON_BLOCKS = YES;
				GCC_OPTIMIZATION_LEVEL = 0;
				GCC_PREPROCESSOR_DEFINITIONS = (
					"DEBUG=1",
					"$(inherited)",
				);
				GCC_WARN_64_TO_32_BIT_CONVERSION = YES;
				GCC_WARN_ABOUT_RETURN_TYPE = YES_ERROR;
				GCC_WARN_UNDECLARED_SELECTOR = YES;
				GCC_WARN_UNINITIALIZED_AUTOS = YES_AGGRESSIVE;
				GCC_WARN_UNUSED_FUNCTION = YES;
				GCC_WARN_UNUSED_VARIABLE = YES;
				IPHONEOS_DEPLOYMENT_TARGET = 13.0;
				MTL_ENABLE_DEBUG_INFO = INCLUDE_SOURCE;
				MTL_FAST_MATH = YES;
				ONLY_ACTIVE_ARCH = YES;
				SDKROOT = iphoneos;
				SWIFT_ACTIVE_COMPILATION_CONDITIONS = DEBUG;
				SWIFT_OPTIMIZATION_LEVEL = "-Onone";
			};
			name = Debug;
		};
		0ACE98B424432BB3006F9A12 /* Release */ = {
			isa = XCBuildConfiguration;
			buildSettings = {
				ALWAYS_SEARCH_USER_PATHS = NO;
				CLANG_ANALYZER_NONNULL = YES;
				CLANG_ANALYZER_NUMBER_OBJECT_CONVERSION = YES_AGGRESSIVE;
				CLANG_CXX_LANGUAGE_STANDARD = "gnu++14";
				CLANG_CXX_LIBRARY = "libc++";
				CLANG_ENABLE_MODULES = YES;
				CLANG_ENABLE_OBJC_ARC = YES;
				CLANG_ENABLE_OBJC_WEAK = YES;
				CLANG_WARN_BLOCK_CAPTURE_AUTORELEASING = YES;
				CLANG_WARN_BOOL_CONVERSION = YES;
				CLANG_WARN_COMMA = YES;
				CLANG_WARN_CONSTANT_CONVERSION = YES;
				CLANG_WARN_DEPRECATED_OBJC_IMPLEMENTATIONS = YES;
				CLANG_WARN_DIRECT_OBJC_ISA_USAGE = YES_ERROR;
				CLANG_WARN_DOCUMENTATION_COMMENTS = YES;
				CLANG_WARN_EMPTY_BODY = YES;
				CLANG_WARN_ENUM_CONVERSION = YES;
				CLANG_WARN_INFINITE_RECURSION = YES;
				CLANG_WARN_INT_CONVERSION = YES;
				CLANG_WARN_NON_LITERAL_NULL_CONVERSION = YES;
				CLANG_WARN_OBJC_IMPLICIT_RETAIN_SELF = YES;
				CLANG_WARN_OBJC_LITERAL_CONVERSION = YES;
				CLANG_WARN_OBJC_ROOT_CLASS = YES_ERROR;
				CLANG_WARN_QUOTED_INCLUDE_IN_FRAMEWORK_HEADER = YES;
				CLANG_WARN_RANGE_LOOP_ANALYSIS = YES;
				CLANG_WARN_STRICT_PROTOTYPES = YES;
				CLANG_WARN_SUSPICIOUS_MOVE = YES;
				CLANG_WARN_UNGUARDED_AVAILABILITY = YES_AGGRESSIVE;
				CLANG_WARN_UNREACHABLE_CODE = YES;
				CLANG_WARN__DUPLICATE_METHOD_MATCH = YES;
				COPY_PHASE_STRIP = NO;
				DEBUG_INFORMATION_FORMAT = "dwarf-with-dsym";
				ENABLE_NS_ASSERTIONS = NO;
				ENABLE_STRICT_OBJC_MSGSEND = YES;
				GCC_C_LANGUAGE_STANDARD = gnu11;
				GCC_NO_COMMON_BLOCKS = YES;
				GCC_WARN_64_TO_32_BIT_CONVERSION = YES;
				GCC_WARN_ABOUT_RETURN_TYPE = YES_ERROR;
				GCC_WARN_UNDECLARED_SELECTOR = YES;
				GCC_WARN_UNINITIALIZED_AUTOS = YES_AGGRESSIVE;
				GCC_WARN_UNUSED_FUNCTION = YES;
				GCC_WARN_UNUSED_VARIABLE = YES;
				IPHONEOS_DEPLOYMENT_TARGET = 13.0;
				MTL_ENABLE_DEBUG_INFO = NO;
				MTL_FAST_MATH = YES;
				SDKROOT = iphoneos;
				SWIFT_COMPILATION_MODE = wholemodule;
				SWIFT_OPTIMIZATION_LEVEL = "-O";
				VALIDATE_PRODUCT = YES;
			};
			name = Release;
		};
		0ACE98B624432BB3006F9A12 /* Debug */ = {
			isa = XCBuildConfiguration;
			buildSettings = {
				ASSETCATALOG_COMPILER_APPICON_NAME = AppIcon;
				CODE_SIGN_ENTITLEMENTS = "SF Symbols Game/SF Symbols Game.entitlements";
				CODE_SIGN_STYLE = Automatic;
				CURRENT_PROJECT_VERSION = 4;
				DEVELOPMENT_ASSET_PATHS = "\"SF Symbols Game/Preview Content\"";
				DEVELOPMENT_TEAM = YQZQG7N4WG;
				ENABLE_PREVIEWS = YES;
				INFOPLIST_FILE = "SF Symbols Game/Info.plist";
				IPHONEOS_DEPLOYMENT_TARGET = 14.1;
				LD_RUNPATH_SEARCH_PATHS = (
					"$(inherited)",
					"@executable_path/Frameworks",
				);
				MARKETING_VERSION = 1.1;
				PRODUCT_BUNDLE_IDENTIFIER = "com.rudrankriyam.Unofficial-SF-Symbols-Game";
				PRODUCT_NAME = "Symbols Game";
				SUPPORTS_MACCATALYST = YES;
				SWIFT_VERSION = 5.0;
				TARGETED_DEVICE_FAMILY = "1,2";
			};
			name = Debug;
		};
		0ACE98B724432BB3006F9A12 /* Release */ = {
			isa = XCBuildConfiguration;
			buildSettings = {
				ASSETCATALOG_COMPILER_APPICON_NAME = AppIcon;
				CODE_SIGN_ENTITLEMENTS = "SF Symbols Game/SF Symbols Game.entitlements";
				CODE_SIGN_STYLE = Automatic;
				CURRENT_PROJECT_VERSION = 4;
				DEVELOPMENT_ASSET_PATHS = "\"SF Symbols Game/Preview Content\"";
				DEVELOPMENT_TEAM = YQZQG7N4WG;
				ENABLE_PREVIEWS = YES;
				INFOPLIST_FILE = "SF Symbols Game/Info.plist";
				IPHONEOS_DEPLOYMENT_TARGET = 14.1;
				LD_RUNPATH_SEARCH_PATHS = (
					"$(inherited)",
					"@executable_path/Frameworks",
				);
				MARKETING_VERSION = 1.1;
				PRODUCT_BUNDLE_IDENTIFIER = "com.rudrankriyam.Unofficial-SF-Symbols-Game";
				PRODUCT_NAME = "Symbols Game";
				SUPPORTS_MACCATALYST = YES;
				SWIFT_VERSION = 5.0;
				TARGETED_DEVICE_FAMILY = "1,2";
			};
			name = Release;
		};
/* End XCBuildConfiguration section */

/* Begin XCConfigurationList section */
		0ACE989924432BB1006F9A12 /* Build configuration list for PBXProject "SF Symbols Game" */ = {
			isa = XCConfigurationList;
			buildConfigurations = (
				0ACE98B324432BB3006F9A12 /* Debug */,
				0ACE98B424432BB3006F9A12 /* Release */,
			);
			defaultConfigurationIsVisible = 0;
			defaultConfigurationName = Release;
		};
		0ACE98B524432BB3006F9A12 /* Build configuration list for PBXNativeTarget "SF Symbols Game" */ = {
			isa = XCConfigurationList;
			buildConfigurations = (
				0ACE98B624432BB3006F9A12 /* Debug */,
				0ACE98B724432BB3006F9A12 /* Release */,
			);
			defaultConfigurationIsVisible = 0;
			defaultConfigurationName = Release;
		};
/* End XCConfigurationList section */

/* Begin XCRemoteSwiftPackageReference section */
		0AC1BB5E261223370017CD43 /* XCRemoteSwiftPackageReference "RRComponentsKit" */ = {
			isa = XCRemoteSwiftPackageReference;
			repositoryURL = "https://github.com/rudrankriyam/RRComponentsKit.git";
			requirement = {
				branch = main;
				kind = branch;
			};
		};
/* End XCRemoteSwiftPackageReference section */

/* Begin XCSwiftPackageProductDependency section */
		0AC1BB5F261223370017CD43 /* RRComponentsKit */ = {
			isa = XCSwiftPackageProductDependency;
			package = 0AC1BB5E261223370017CD43 /* XCRemoteSwiftPackageReference "RRComponentsKit" */;
			productName = RRComponentsKit;
		};
/* End XCSwiftPackageProductDependency section */

/* Begin XCVersionGroup section */
		0ACE98A524432BB1006F9A12 /* Unofficial_SF_Symbols_Game.xcdatamodeld */ = {
			isa = XCVersionGroup;
			children = (
				0ACE98A624432BB1006F9A12 /* Unofficial_SF_Symbols_Game.xcdatamodel */,
			);
			currentVersion = 0ACE98A624432BB1006F9A12 /* Unofficial_SF_Symbols_Game.xcdatamodel */;
			path = Unofficial_SF_Symbols_Game.xcdatamodeld;
			sourceTree = "<group>";
			versionGroupType = wrapper.xcdatamodel;
		};
/* End XCVersionGroup section */
	};
	rootObject = 0ACE989624432BB1006F9A12 /* Project object */;
}
