{
  "object": {
    "pins": [
      {
        "package": "RRComponentsKit",
        "repositoryURL": "https://github.com/rudrankriyam/RRComponentsKit.git",
        "state": {
          "branch": "main",
          "revision": "a127b579501c2ca8e0fdd6e50b6c554456cc3554",
          "version": null
        }
      }
    ]
  },
  "version": 1
}
